{
  "name": "cloudshell",
  "version": "1.0.0",
  "lockfileVersion": 3,
  "requires": true,
  "packages": {
    "": {
      "name": "cloudshell",
      "version": "1.0.0",
      "license": "MIT",
      "dependencies": {
        "dotenv": "^16.3.2",
        "pejs": "^0.6.5"
      },
      "devDependencies": {}
    },
    "node_modules/dotenv": {
      "version": "16.3.2",
      "resolved": "https://registry.npmjs.org/dotenv/-/dotenv-16.3.2.tgz",
      "integrity": "sha512-HTlk5nmhkm8F6JcdXvHIzaorzCoziNQT9mGxLPVXW8wJF1TiGSL60ZGB4gHWabHOaMmWmhvk2/lPHfnBiT78AQ==",
      "engines": {
        "node": ">=12"
      },
      "funding": {
        "url": "https://github.com/motdotla/dotenv?sponsor=1"
      }
    },
    "node_modules/pejs": {
      "version": "0.6.5",
      "dependencies": {
        "resolve": "~0.5.0"
      },
      "bin": {
        "pejs": "cli.js"
      }
    },
    "node_modules/resolve": {
      "version": "0.5.1",
      "license": "MIT"
    }
  }
}
