{
  "name": "cloudshell",
  "version": "1.0.0",
  "lockfileVersion": 3,
  "requires": true,
  "packages": {
    "": {
      "name": "cloudshell",
      "version": "1.0.0",
      "license": "MIT",
      "dependencies": {
        "dotenv": "^16.4.5",
        "moment": "^2.30.1",
        "pejs": "^0.6.5"
      },
      "devDependencies": {}
    },
    "node_modules/dotenv": {
      "version": "16.4.5",
      "resolved": "https://registry.npmjs.org/dotenv/-/dotenv-16.4.5.tgz",
      "integrity": "sha512-ZmdL2rui+eB2YwhsWzjInR8LldtZHGDoQ1ugH85ppHKwpUHL7j7rN0Ti9NCnGiQbhaZ11FpR+7ao1dNsmduNUg==",
      "engines": {
        "node": ">=12"
      },
      "funding": {
        "url": "https://dotenvx.com"
      }
    },
    "node_modules/moment": {
      "version": "2.30.1",
      "resolved": "https://registry.npmjs.org/moment/-/moment-2.30.1.tgz",
      "integrity": "sha512-uEmtNhbDOrWPFS+hdjFCBfy9f2YoyzRpwcl+DqpC6taX21FzsTLQVbMV/W7PzNSX6x/bhC1zA3c2UQ5NzH6how==",
      "engines": {
        "node": "*"
      }
    },
    "node_modules/pejs": {
      "version": "0.6.5",
      "dependencies": {
        "resolve": "~0.5.0"
      },
      "bin": {
        "pejs": "cli.js"
      }
    },
    "node_modules/resolve": {
      "version": "0.5.1",
      "license": "MIT"
    }
  }
}
